<?xml version="1.0" encoding="utf-8"?>
<Project ToolsVersion="4.0" xmlns="http://schemas.microsoft.com/developer/msbuild/2003">
  <ItemGroup>
    <Filter Include="Source Files">
      <UniqueIdentifier>{4FC737F1-C7A5-4376-A066-2A32D752A2FF}</UniqueIdentifier>
      <Extensions>cpp;c;cc;cxx;def;odl;idl;hpj;bat;asm;asmx</Extensions>
    </Filter>
    <Filter Include="Header Files">
      <UniqueIdentifier>{93995380-89BD-4b04-88EB-625FBE52EBFB}</UniqueIdentifier>
      <Extensions>h;hh;hpp;hxx;hm;inl;inc;xsd</Extensions>
    </Filter>
    <Filter Include="Resource Files">
      <UniqueIdentifier>{D9D6E242-F8AF-46E4-B9FD-80ECBC20BA3E}</UniqueIdentifier>
      <Extensions>qrc;*</Extensions>
      <ParseFiles>false</ParseFiles>
    </Filter>
    <Filter Include="Resource Files">
      <UniqueIdentifier>{D9D6E242-F8AF-46E4-B9FD-80ECBC20BA3E}</UniqueIdentifier>
      <Extensions>qrc;*</Extensions>
      <ParseFiles>false</ParseFiles>
    </Filter>
    <Filter Include="Generated Files">
      <UniqueIdentifier>{71ED8ED8-ACB9-4CE9-BBE1-E00B30144E11}</UniqueIdentifier>
      <Extensions>moc;h;cpp</Extensions>
      <SourceControlFiles>False</SourceControlFiles>
    </Filter>
    <Filter Include="Header Files\link">
      <UniqueIdentifier>{9bfc6274-e2f5-4a91-b0d6-1cd1bd9eb222}</UniqueIdentifier>
    </Filter>
    <Filter Include="Source Files\link">
      <UniqueIdentifier>{d7ade8d5-a899-4d7a-bf7b-37f255c4220a}</UniqueIdentifier>
    </Filter>
    <Filter Include="Header Files\link\network">
      <UniqueIdentifier>{3eb04786-4969-47bf-bb10-f76cd590e7e0}</UniqueIdentifier>
    </Filter>
    <Filter Include="Source Files\link\network">
      <UniqueIdentifier>{03bcd7b4-9d25-43b6-a74f-3a7682b51703}</UniqueIdentifier>
    </Filter>
    <Filter Include="Header Files\link\serialport">
      <UniqueIdentifier>{c76b4ed5-b871-4f3e-adf7-6a9624a72979}</UniqueIdentifier>
    </Filter>
    <Filter Include="Source Files\link\serialport">
      <UniqueIdentifier>{2907b911-d983-4bec-9643-f59bf5086bb4}</UniqueIdentifier>
    </Filter>
  </ItemGroup>
  <ItemGroup>
    <ClCompile Include="hsrcore.cpp">
      <Filter>Source Files</Filter>
    </ClCompile>
    <ClCompile Include="link\hsrabstractlink.cpp">
      <Filter>Source Files\link</Filter>
    </ClCompile>
    <ClCompile Include="link\hsrlinkabstractconfig.cpp">
      <Filter>Source Files\link</Filter>
    </ClCompile>
    <ClCompile Include="link\network\hsrtcpsocketlink.cpp">
      <Filter>Source Files\link\network</Filter>
    </ClCompile>
    <ClCompile Include="link\network\hsrtcpsocketlinkconfig.cpp">
      <Filter>Source Files\link\network</Filter>
    </ClCompile>
    <ClCompile Include="link\network\hsrtcpsocketlinkthread.cpp">
      <Filter>Source Files\link\network</Filter>
    </ClCompile>
    <ClCompile Include="link\network\hsrudpsocketlink.cpp">
      <Filter>Source Files\link\network</Filter>
    </ClCompile>
    <ClCompile Include="link\network\hsrudpsocketlinkconfig.cpp">
      <Filter>Source Files\link\network</Filter>
    </ClCompile>
    <ClCompile Include="link\network\hsrudpsocketlinkthread.cpp">
      <Filter>Source Files\link\network</Filter>
    </ClCompile>
    <ClCompile Include="link\serialport\hsrserialportlink.cpp">
      <Filter>Source Files\link\serialport</Filter>
    </ClCompile>
    <ClCompile Include="link\serialport\hsrserialportlinkconfig.cpp">
      <Filter>Source Files\link\serialport</Filter>
    </ClCompile>
    <ClCompile Include="link\serialport\hsrserialportlinkthread.cpp">
      <Filter>Source Files\link\serialport</Filter>
    </ClCompile>
  </ItemGroup>
  <ItemGroup>
    <ClInclude Include="hsrcore.h">
      <Filter>Header Files</Filter>
    </ClInclude>
  </ItemGroup>
  <ItemGroup>
    <ClInclude Include="hsrcore_global.h">
      <Filter>Header Files</Filter>
    </ClInclude>
  </ItemGroup>
  <ItemGroup>
    <QtMoc Include="link\hsrabstractlink.h">
      <Filter>Header Files\link</Filter>
    </QtMoc>
    <QtMoc Include="link\hsrlinkabstractconfig.h">
      <Filter>Header Files\link</Filter>
    </QtMoc>
    <QtMoc Include="link\network\hsrtcpsocketlink.h">
      <Filter>Header Files\link\network</Filter>
    </QtMoc>
    <QtMoc Include="link\network\hsrtcpsocketlinkconfig.h">
      <Filter>Header Files\link\network</Filter>
    </QtMoc>
    <QtMoc Include="link\network\hsrtcpsocketlinkthread.h">
      <Filter>Header Files\link\network</Filter>
    </QtMoc>
    <QtMoc Include="link\network\hsrudpsocketlink.h">
      <Filter>Header Files\link\network</Filter>
    </QtMoc>
    <QtMoc Include="link\network\hsrudpsocketlinkconfig.h">
      <Filter>Header Files\link\network</Filter>
    </QtMoc>
    <QtMoc Include="link\network\hsrudpsocketlinkthread.h">
      <Filter>Header Files\link\network</Filter>
    </QtMoc>
    <QtMoc Include="link\serialport\hsrserialportlink.h">
      <Filter>Header Files\link\serialport</Filter>
    </QtMoc>
    <QtMoc Include="link\serialport\hsrserialportlinkconfig.h">
      <Filter>Header Files\link\serialport</Filter>
    </QtMoc>
    <QtMoc Include="link\serialport\hsrserialportlinkthread.h">
      <Filter>Header Files\link\serialport</Filter>
    </QtMoc>
  </ItemGroup>
</Project>